// !$*UTF8*$!
{
	archiveVersion = 1;
	classes = {
	};
	objectVersion = 56;
	objects = {

/* Begin PBXBuildFile section */
		A00000000000000000000001 /* main.m in Sources */ = {isa = PBXBuildFile; fileRef = A00000000000000000000011 /* main.m */; };
		A00000000000000000000002 /* MoxiDemoViewController.m in Sources */ = {isa = PBXBuildFile; fileRef = A00000000000000000000012 /* MoxiDemoViewController.m */; };
		A00000000000000000000003 /* moxi_ios_host.m in Sources */ = {isa = PBXBuildFile; fileRef = A00000000000000000000013 /* moxi_ios_host.m */; };
		A00000000000000000000004 /* UIKit.framework in Frameworks */ = {isa = PBXBuildFile; fileRef = A00000000000000000000021 /* UIKit.framework */; };
		A00000000000000000000005 /* Metal.framework in Frameworks */ = {isa = PBXBuildFile; fileRef = A00000000000000000000022 /* Metal.framework */; };
		A00000000000000000000006 /* MetalKit.framework in Frameworks */ = {isa = PBXBuildFile; fileRef = A00000000000000000000023 /* MetalKit.framework */; };
/* End PBXBuildFile section */

/* Begin PBXFileReference section */
		A00000000000000000000010 /* MoxiHost.app */ = {isa = PBXFileReference; explicitFileType = wrapper.application; includeInIndex = 0; path = MoxiHost.app; sourceTree = BUILT_PRODUCTS_DIR; };
		A00000000000000000000011 /* main.m */ = {isa = PBXFileReference; lastKnownFileType = sourcecode.c.objc; path = main.m; sourceTree = "<group>"; };
		A00000000000000000000012 /* MoxiDemoViewController.m */ = {isa = PBXFileReference; lastKnownFileType = sourcecode.c.objc; path = MoxiDemoViewController.m; sourceTree = "<group>"; };
		A00000000000000000000014 /* MoxiDemoViewController.h */ = {isa = PBXFileReference; lastKnownFileType = sourcecode.c.h; path = MoxiDemoViewController.h; sourceTree = "<group>"; };
		A00000000000000000000013 /* moxi_ios_host.m */ = {isa = PBXFileReference; lastKnownFileType = sourcecode.c.objc; path = moxi_ios_host.m; sourceTree = "<group>"; };
		A00000000000000000000015 /* moxi_ios_host.h */ = {isa = PBXFileReference; lastKnownFileType = sourcecode.c.h; path = moxi_ios_host.h; sourceTree = "<group>"; };
		A00000000000000000000016 /* moxi_host.h */ = {isa = PBXFileReference; lastKnownFileType = sourcecode.c.h; path = moxi_host.h; sourceTree = "<group>"; };
		A00000000000000000000017 /* Info.plist */ = {isa = PBXFileReference; lastKnownFileType = text.plist.xml; path = Info.plist; sourceTree = "<group>"; };
		A00000000000000000000021 /* UIKit.framework */ = {isa = PBXFileReference; lastKnownFileType = wrapper.framework; name = UIKit.framework; path = System/Library/Frameworks/UIKit.framework; sourceTree = SDKROOT; };
		A00000000000000000000022 /* Metal.framework */ = {isa = PBXFileReference; lastKnownFileType = wrapper.framework; name = Metal.framework; path = System/Library/Frameworks/Metal.framework; sourceTree = SDKROOT; };
		A00000000000000000000023 /* MetalKit.framework */ = {isa = PBXFileReference; lastKnownFileType = wrapper.framework; name = MetalKit.framework; path = System/Library/Frameworks/MetalKit.framework; sourceTree = SDKROOT; };
/* End PBXFileReference section */

/* Begin PBXFrameworksBuildPhase section */
		A00000000000000000000031 /* Frameworks */ = {
			isa = PBXFrameworksBuildPhase;
			buildActionMask = 2147483647;
			files = (
				A00000000000000000000004 /* UIKit.framework in Frameworks */,
				A00000000000000000000005 /* Metal.framework in Frameworks */,
				A00000000000000000000006 /* MetalKit.framework in Frameworks */,
			);
			runOnlyForDeploymentPostprocessing = 0;
		};
/* End PBXFrameworksBuildPhase section */

/* Begin PBXGroup section */
		A00000000000000000000040 = {
			isa = PBXGroup;
			children = (
				A00000000000000000000041 /* Sources */,
				A00000000000000000000042 /* Native host */,
				A00000000000000000000017 /* Info.plist */,
				A00000000000000000000043 /* Products */,
				A00000000000000000000044 /* Frameworks */,
			);
			sourceTree = "<group>";
		};
		A00000000000000000000041 /* Sources */ = {
			isa = PBXGroup;
			children = (
				A00000000000000000000011 /* main.m */,
				A00000000000000000000012 /* MoxiDemoViewController.m */,
				A00000000000000000000014 /* MoxiDemoViewController.h */,
			);
			path = .;
			sourceTree = "<group>";
		};
		A00000000000000000000042 /* Native host */ = {
			isa = PBXGroup;
			children = (
				A00000000000000000000013 /* moxi_ios_host.m */,
				A00000000000000000000015 /* moxi_ios_host.h */,
				A00000000000000000000016 /* moxi_host.h */,
			);
			name = "Native host";
			path = ../hosts;
			sourceTree = "<group>";
		};
		A00000000000000000000043 /* Products */ = {
			isa = PBXGroup;
			children = (
				A00000000000000000000010 /* MoxiHost.app */,
			);
			name = Products;
			sourceTree = "<group>";
		};
		A00000000000000000000044 /* Frameworks */ = {
			isa = PBXGroup;
			children = (
				A00000000000000000000021 /* UIKit.framework */,
				A00000000000000000000022 /* Metal.framework */,
				A00000000000000000000023 /* MetalKit.framework */,
			);
			name = Frameworks;
			sourceTree = "<group>";
		};
/* End PBXGroup section */

/* Begin PBXNativeTarget section */
		A00000000000000000000050 /* MoxiHost */ = {
			isa = PBXNativeTarget;
			buildConfigurationList = A00000000000000000000061 /* Build configuration list for PBXNativeTarget "MoxiHost" */;
			buildPhases = (
				A00000000000000000000030 /* Sources */,
				A00000000000000000000031 /* Frameworks */,
				A00000000000000000000032 /* Resources */,
			);
			buildRules = (
			);
			dependencies = (
			);
			name = MoxiHost;
			productName = MoxiHost;
			productReference = A00000000000000000000010 /* MoxiHost.app */;
			productType = "com.apple.product-type.application";
		};
/* End PBXNativeTarget section */

/* Begin PBXProject section */
		A00000000000000000000051 /* Project object */ = {
			isa = PBXProject;
			attributes = {
				LastUpgradeCheck = 2660;
				TargetAttributes = {
					A00000000000000000000050 = {
						CreatedOnToolsVersion = 26.0;
					};
				};
			};
			buildConfigurationList = A00000000000000000000060 /* Build configuration list for PBXProject "MoxiHost" */;
			compatibilityVersion = "Xcode 14.0";
			developmentRegion = en;
			hasScannedForEncodings = 0;
			knownRegions = (
				en,
				Base,
			);
			mainGroup = A00000000000000000000040;
			productRefGroup = A00000000000000000000043 /* Products */;
			projectDirPath = "";
			projectRoot = "";
			targets = (
				A00000000000000000000050 /* MoxiHost */,
			);
		};
/* End PBXProject section */

/* Begin PBXResourcesBuildPhase section */
		A00000000000000000000032 /* Resources */ = {
			isa = PBXResourcesBuildPhase;
			buildActionMask = 2147483647;
			files = (
			);
			runOnlyForDeploymentPostprocessing = 0;
		};
/* End PBXResourcesBuildPhase section */

/* Begin PBXSourcesBuildPhase section */
		A00000000000000000000030 /* Sources */ = {
			isa = PBXSourcesBuildPhase;
			buildActionMask = 2147483647;
			files = (
				A00000000000000000000001 /* main.m in Sources */,
				A00000000000000000000002 /* MoxiDemoViewController.m in Sources */,
				A00000000000000000000003 /* moxi_ios_host.m in Sources */,
			);
			runOnlyForDeploymentPostprocessing = 0;
		};
/* End PBXSourcesBuildPhase section */

/* Begin XCBuildConfiguration section */
		A00000000000000000000070 /* Debug */ = {
			isa = XCBuildConfiguration;
			buildSettings = {
				ALWAYS_SEARCH_USER_PATHS = NO;
				CLANG_ENABLE_MODULES = YES;
				CLANG_ENABLE_OBJC_ARC = YES;
				GCC_C_LANGUAGE_STANDARD = gnu17;
				GCC_WARN_UNDECLARED_SELECTOR = YES;
				IPHONEOS_DEPLOYMENT_TARGET = 15.0;
				SDKROOT = iphoneos;
			};
			name = Debug;
		};
		A00000000000000000000071 /* Release */ = {
			isa = XCBuildConfiguration;
			buildSettings = {
				ALWAYS_SEARCH_USER_PATHS = NO;
				CLANG_ENABLE_MODULES = YES;
				CLANG_ENABLE_OBJC_ARC = YES;
				GCC_C_LANGUAGE_STANDARD = gnu17;
				IPHONEOS_DEPLOYMENT_TARGET = 15.0;
				SDKROOT = iphoneos;
			};
			name = Release;
		};
		A00000000000000000000072 /* Debug target */ = {
			isa = XCBuildConfiguration;
			buildSettings = {
				ASSETCATALOG_COMPILER_APPICON_NAME = "";
				CODE_SIGNING_ALLOWED = NO;
				CODE_SIGNING_REQUIRED = NO;
				CURRENT_PROJECT_VERSION = 1;
				DEVELOPMENT_TEAM = "";
				INFOPLIST_FILE = Info.plist;
				LD_RUNPATH_SEARCH_PATHS = "$(inherited) @executable_path/Frameworks";
				PRODUCT_BUNDLE_IDENTIFIER = org.moxi.host-demo;
				PRODUCT_NAME = "$(TARGET_NAME)";
				TARGETED_DEVICE_FAMILY = "1,2";
			};
			name = Debug;
		};
		A00000000000000000000073 /* Release target */ = {
			isa = XCBuildConfiguration;
			buildSettings = {
				ASSETCATALOG_COMPILER_APPICON_NAME = "";
				CODE_SIGNING_ALLOWED = NO;
				CODE_SIGNING_REQUIRED = NO;
				CURRENT_PROJECT_VERSION = 1;
				INFOPLIST_FILE = Info.plist;
				LD_RUNPATH_SEARCH_PATHS = "$(inherited) @executable_path/Frameworks";
				PRODUCT_BUNDLE_IDENTIFIER = org.moxi.host-demo;
				PRODUCT_NAME = "$(TARGET_NAME)";
				TARGETED_DEVICE_FAMILY = "1,2";
			};
			name = Release;
		};
/* End XCBuildConfiguration section */

/* Begin XCConfigurationList section */
		A00000000000000000000060 /* Build configuration list for PBXProject "MoxiHost" */ = {
			isa = XCConfigurationList;
			buildConfigurations = (
				A00000000000000000000070 /* Debug */,
				A00000000000000000000071 /* Release */,
			);
			defaultConfigurationIsVisible = 0;
			defaultConfigurationName = Release;
		};
		A00000000000000000000061 /* Build configuration list for PBXNativeTarget "MoxiHost" */ = {
			isa = XCConfigurationList;
			buildConfigurations = (
				A00000000000000000000072 /* Debug target */,
				A00000000000000000000073 /* Release target */,
			);
			defaultConfigurationIsVisible = 0;
			defaultConfigurationName = Release;
		};
/* End XCConfigurationList section */
	};
	rootObject = A00000000000000000000051 /* Project object */;
}
